// !$*UTF8*$!
{
	archiveVersion = 1;
	classes = {
	};
	objectVersion = 46;
	objects = {

/* Begin PBXBuildFile section */
		14E7D46D2001C8C800792AE3 /* AppDelegate.swift in Sources */ = {isa = PBXBuildFile; fileRef = 14E7D46C2001C8C800792AE3 /* AppDelegate.swift */; };
		14E7D46F2001C8C800792AE3 /* ViewController.swift in Sources */ = {isa = PBXBuildFile; fileRef = 14E7D46E2001C8C800792AE3 /* ViewController.swift */; };
		14E7D4722001C8C800792AE3 /* Main.storyboard in Resources */ = {isa = PBXBuildFile; fileRef = 14E7D4702001C8C800792AE3 /* Main.storyboard */; settings = {ASSET_TAGS = (Chico, Grande, Mediano, ); }; };
		14E7D4742001C8C800792AE3 /* Assets.xcassets in Resources */ = {isa = PBXBuildFile; fileRef = 14E7D4732001C8C800792AE3 /* Assets.xcassets */; };
		14E7D4772001C8C800792AE3 /* LaunchScreen.storyboard in Resources */ = {isa = PBXBuildFile; fileRef = 14E7D4752001C8C800792AE3 /* LaunchScreen.storyboard */; };
		14E7D47F2001CCB200792AE3 /* ViewTamanio.swift in Sources */ = {isa = PBXBuildFile; fileRef = 14E7D47E2001CCB200792AE3 /* ViewTamanio.swift */; };
		14E7D4812001CCCA00792AE3 /* ViewMasa.swift in Sources */ = {isa = PBXBuildFile; fileRef = 14E7D4802001CCCA00792AE3 /* ViewMasa.swift */; };
		14E7D4832001CCDD00792AE3 /* ViewQueso.swift in Sources */ = {isa = PBXBuildFile; fileRef = 14E7D4822001CCDD00792AE3 /* ViewQueso.swift */; };
		14E7D4852001CCEF00792AE3 /* ViewIngredientes.swift in Sources */ = {isa = PBXBuildFile; fileRef = 14E7D4842001CCEF00792AE3 /* ViewIngredientes.swift */; };
/* End PBXBuildFile section */

/* Begin PBXFileReference section */
		14E7D4692001C8C800792AE3 /* PedirPizzaP.app */ = {isa = PBXFileReference; explicitFileType = wrapper.application; includeInIndex = 0; path = PedirPizzaP.app; sourceTree = BUILT_PRODUCTS_DIR; };
		14E7D46C2001C8C800792AE3 /* AppDelegate.swift */ = {isa = PBXFileReference; lastKnownFileType = sourcecode.swift; path = AppDelegate.swift; sourceTree = "<group>"; };
		14E7D46E2001C8C800792AE3 /* ViewController.swift */ = {isa = PBXFileReference; lastKnownFileType = sourcecode.swift; path = ViewController.swift; sourceTree = "<group>"; };
		14E7D4712001C8C800792AE3 /* Base */ = {isa = PBXFileReference; lastKnownFileType = file.storyboard; name = Base; path = Base.lproj/Main.storyboard; sourceTree = "<group>"; };
		14E7D4732001C8C800792AE3 /* Assets.xcassets */ = {isa = PBXFileReference; lastKnownFileType = folder.assetcatalog; path = Assets.xcassets; sourceTree = "<group>"; };
		14E7D4762001C8C800792AE3 /* Base */ = {isa = PBXFileReference; lastKnownFileType = file.storyboard; name = Base; path = Base.lproj/LaunchScreen.storyboard; sourceTree = "<group>"; };
		14E7D4782001C8C800792AE3 /* Info.plist */ = {isa = PBXFileReference; lastKnownFileType = text.plist.xml; path = Info.plist; sourceTree = "<group>"; };
		14E7D47E2001CCB200792AE3 /* ViewTamanio.swift */ = {isa = PBXFileReference; fileEncoding = 4; lastKnownFileType = sourcecode.swift; path = ViewTamanio.swift; sourceTree = "<group>"; };
		14E7D4802001CCCA00792AE3 /* ViewMasa.swift */ = {isa = PBXFileReference; fileEncoding = 4; lastKnownFileType = sourcecode.swift; path = ViewMasa.swift; sourceTree = "<group>"; };
		14E7D4822001CCDD00792AE3 /* ViewQueso.swift */ = {isa = PBXFileReference; fileEncoding = 4; lastKnownFileType = sourcecode.swift; path = ViewQueso.swift; sourceTree = "<group>"; };
		14E7D4842001CCEF00792AE3 /* ViewIngredientes.swift */ = {isa = PBXFileReference; fileEncoding = 4; lastKnownFileType = sourcecode.swift; path = ViewIngredientes.swift; sourceTree = "<group>"; };
/* End PBXFileReference section */

/* Begin PBXFrameworksBuildPhase section */
		14E7D4662001C8C800792AE3 /* Frameworks */ = {
			isa = PBXFrameworksBuildPhase;
			buildActionMask = 2147483647;
			files = (
			);
			runOnlyForDeploymentPostprocessing = 0;
		};
/* End PBXFrameworksBuildPhase section */

/* Begin PBXGroup section */
		14E7D4602001C8C800792AE3 = {
			isa = PBXGroup;
			children = (
				14E7D46B2001C8C800792AE3 /* PedirPizzaP */,
				14E7D46A2001C8C800792AE3 /* Products */,
			);
			sourceTree = "<group>";
		};
		14E7D46A2001C8C800792AE3 /* Products */ = {
			isa = PBXGroup;
			children = (
				14E7D4692001C8C800792AE3 /* PedirPizzaP.app */,
			);
			name = Products;
			sourceTree = "<group>";
		};
		14E7D46B2001C8C800792AE3 /* PedirPizzaP */ = {
			isa = PBXGroup;
			children = (
				14E7D46C2001C8C800792AE3 /* AppDelegate.swift */,
				14E7D46E2001C8C800792AE3 /* ViewController.swift */,
				14E7D4702001C8C800792AE3 /* Main.storyboard */,
				14E7D4732001C8C800792AE3 /* Assets.xcassets */,
				14E7D4752001C8C800792AE3 /* LaunchScreen.storyboard */,
				14E7D4782001C8C800792AE3 /* Info.plist */,
				14E7D47E2001CCB200792AE3 /* ViewTamanio.swift */,
				14E7D4802001CCCA00792AE3 /* ViewMasa.swift */,
				14E7D4822001CCDD00792AE3 /* ViewQueso.swift */,
				14E7D4842001CCEF00792AE3 /* ViewIngredientes.swift */,
			);
			path = PedirPizzaP;
			sourceTree = "<group>";
		};
/* End PBXGroup section */

/* Begin PBXNativeTarget section */
		14E7D4682001C8C800792AE3 /* PedirPizzaP */ = {
			isa = PBXNativeTarget;
			buildConfigurationList = 14E7D47B2001C8C800792AE3 /* Build configuration list for PBXNativeTarget "PedirPizzaP" */;
			buildPhases = (
				14E7D4652001C8C800792AE3 /* Sources */,
				14E7D4662001C8C800792AE3 /* Frameworks */,
				14E7D4672001C8C800792AE3 /* Resources */,
			);
			buildRules = (
			);
			dependencies = (
			);
			name = PedirPizzaP;
			productName = PedirPizzaP;
			productReference = 14E7D4692001C8C800792AE3 /* PedirPizzaP.app */;
			productType = "com.apple.product-type.application";
		};
/* End PBXNativeTarget section */

/* Begin PBXProject section */
		14E7D4612001C8C800792AE3 /* Project object */ = {
			isa = PBXProject;
			attributes = {
				KnownAssetTags = (
					Chico,
					Grande,
					Mediano,
				);
				LastSwiftUpdateCheck = 0720;
				LastUpgradeCheck = 0720;
				ORGANIZATIONNAME = "Yasmin Cueva Lavezzo";
				TargetAttributes = {
					14E7D4682001C8C800792AE3 = {
						CreatedOnToolsVersion = 7.2;
					};
				};
			};
			buildConfigurationList = 14E7D4642001C8C800792AE3 /* Build configuration list for PBXProject "PedirPizzaP" */;
			compatibilityVersion = "Xcode 3.2";
			developmentRegion = English;
			hasScannedForEncodings = 0;
			knownRegions = (
				en,
				Base,
			);
			mainGroup = 14E7D4602001C8C800792AE3;
			productRefGroup = 14E7D46A2001C8C800792AE3 /* Products */;
			projectDirPath = "";
			projectRoot = "";
			targets = (
				14E7D4682001C8C800792AE3 /* PedirPizzaP */,
			);
		};
/* End PBXProject section */

/* Begin PBXResourcesBuildPhase section */
		14E7D4672001C8C800792AE3 /* Resources */ = {
			isa = PBXResourcesBuildPhase;
			buildActionMask = 2147483647;
			files = (
				14E7D4772001C8C800792AE3 /* LaunchScreen.storyboard in Resources */,
				14E7D4742001C8C800792AE3 /* Assets.xcassets in Resources */,
				14E7D4722001C8C800792AE3 /* Main.storyboard in Resources */,
			);
			runOnlyForDeploymentPostprocessing = 0;
		};
/* End PBXResourcesBuildPhase section */

/* Begin PBXSourcesBuildPhase section */
		14E7D4652001C8C800792AE3 /* Sources */ = {
			isa = PBXSourcesBuildPhase;
			buildActionMask = 2147483647;
			files = (
				14E7D46F2001C8C800792AE3 /* ViewController.swift in Sources */,
				14E7D4852001CCEF00792AE3 /* ViewIngredientes.swift in Sources */,
				14E7D46D2001C8C800792AE3 /* AppDelegate.swift in Sources */,
				14E7D4812001CCCA00792AE3 /* ViewMasa.swift in Sources */,
				14E7D47F2001CCB200792AE3 /* ViewTamanio.swift in Sources */,
				14E7D4832001CCDD00792AE3 /* ViewQueso.swift in Sources */,
			);
			runOnlyForDeploymentPostprocessing = 0;
		};
/* End PBXSourcesBuildPhase section */

/* Begin PBXVariantGroup section */
		14E7D4702001C8C800792AE3 /* Main.storyboard */ = {
			isa = PBXVariantGroup;
			children = (
				14E7D4712001C8C800792AE3 /* Base */,
			);
			name = Main.storyboard;
			sourceTree = "<group>";
		};
		14E7D4752001C8C800792AE3 /* LaunchScreen.storyboard */ = {
			isa = PBXVariantGroup;
			children = (
				14E7D4762001C8C800792AE3 /* Base */,
			);
			name = LaunchScreen.storyboard;
			sourceTree = "<group>";
		};
/* End PBXVariantGroup section */

/* Begin XCBuildConfiguration section */
		14E7D4792001C8C800792AE3 /* Debug */ = {
			isa = XCBuildConfiguration;
			buildSettings = {
				ALWAYS_SEARCH_USER_PATHS = NO;
				CLANG_CXX_LANGUAGE_STANDARD = "gnu++0x";
				CLANG_CXX_LIBRARY = "libc++";
				CLANG_ENABLE_MODULES = YES;
				CLANG_ENABLE_OBJC_ARC = YES;
				CLANG_WARN_BOOL_CONVERSION = YES;
				CLANG_WARN_CONSTANT_CONVERSION = YES;
				CLANG_WARN_DIRECT_OBJC_ISA_USAGE = YES_ERROR;
				CLANG_WARN_EMPTY_BODY = YES;
				CLANG_WARN_ENUM_CONVERSION = YES;
				CLANG_WARN_INT_CONVERSION = YES;
				CLANG_WARN_OBJC_ROOT_CLASS = YES_ERROR;
				CLANG_WARN_UNREACHABLE_CODE = YES;
				CLANG_WARN__DUPLICATE_METHOD_MATCH = YES;
				"CODE_SIGN_IDENTITY[sdk=iphoneos*]" = "iPhone Developer";
				COPY_PHASE_STRIP = NO;
				DEBUG_INFORMATION_FORMAT = dwarf;
				ENABLE_STRICT_OBJC_MSGSEND = YES;
				ENABLE_TESTABILITY = YES;
				GCC_C_LANGUAGE_STANDARD = gnu99;
				GCC_DYNAMIC_NO_PIC = NO;
				GCC_NO_COMMON_BLOCKS = YES;
				GCC_OPTIMIZATION_LEVEL = 0;
				GCC_PREPROCESSOR_DEFINITIONS = (
					"DEBUG=1",
					"$(inherited)",
				);
				GCC_WARN_64_TO_32_BIT_CONVERSION = YES;
				GCC_WARN_ABOUT_RETURN_TYPE = YES_ERROR;
				GCC_WARN_UNDECLARED_SELECTOR = YES;
				GCC_WARN_UNINITIALIZED_AUTOS = YES_AGGRESSIVE;
				GCC_WARN_UNUSED_FUNCTION = YES;
				GCC_WARN_UNUSED_VARIABLE = YES;
				IPHONEOS_DEPLOYMENT_TARGET = 9.2;
				MTL_ENABLE_DEBUG_INFO = YES;
				ONLY_ACTIVE_ARCH = YES;
				SDKROOT = iphoneos;
				SWIFT_OPTIMIZATION_LEVEL = "-Onone";
				TARGETED_DEVICE_FAMILY = "1,2";
			};
			name = Debug;
		};
		14E7D47A2001C8C800792AE3 /* Release */ = {
			isa = XCBuildConfiguration;
			buildSettings = {
				ALWAYS_SEARCH_USER_PATHS = NO;
				CLANG_CXX_LANGUAGE_STANDARD = "gnu++0x";
				CLANG_CXX_LIBRARY = "libc++";
				CLANG_ENABLE_MODULES = YES;
				CLANG_ENABLE_OBJC_ARC = YES;
				CLANG_WARN_BOOL_CONVERSION = YES;
				CLANG_WARN_CONSTANT_CONVERSION = YES;
				CLANG_WARN_DIRECT_OBJC_ISA_USAGE = YES_ERROR;
				CLANG_WARN_EMPTY_BODY = YES;
				CLANG_WARN_ENUM_CONVERSION = YES;
				CLANG_WARN_INT_CONVERSION = YES;
				CLANG_WARN_OBJC_ROOT_CLASS = YES_ERROR;
				CLANG_WARN_UNREACHABLE_CODE = YES;
				CLANG_WARN__DUPLICATE_METHOD_MATCH = YES;
				"CODE_SIGN_IDENTITY[sdk=iphoneos*]" = "iPhone Developer";
				COPY_PHASE_STRIP = NO;
				DEBUG_INFORMATION_FORMAT = "dwarf-with-dsym";
				ENABLE_NS_ASSERTIONS = NO;
				ENABLE_STRICT_OBJC_MSGSEND = YES;
				GCC_C_LANGUAGE_STANDARD = gnu99;
				GCC_NO_COMMON_BLOCKS = YES;
				GCC_WARN_64_TO_32_BIT_CONVERSION = YES;
				GCC_WARN_ABOUT_RETURN_TYPE = YES_ERROR;
				GCC_WARN_UNDECLARED_SELECTOR = YES;
				GCC_WARN_UNINITIALIZED_AUTOS = YES_AGGRESSIVE;
				GCC_WARN_UNUSED_FUNCTION = YES;
				GCC_WARN_UNUSED_VARIABLE = YES;
				IPHONEOS_DEPLOYMENT_TARGET = 9.2;
				MTL_ENABLE_DEBUG_INFO = NO;
				SDKROOT = iphoneos;
				TARGETED_DEVICE_FAMILY = "1,2";
				VALIDATE_PRODUCT = YES;
			};
			name = Release;
		};
		14E7D47C2001C8C800792AE3 /* Debug */ = {
			isa = XCBuildConfiguration;
			buildSettings = {
				ASSETCATALOG_COMPILER_APPICON_NAME = AppIcon;
				INFOPLIST_FILE = PedirPizzaP/Info.plist;
				LD_RUNPATH_SEARCH_PATHS = "$(inherited) @executable_path/Frameworks";
				PRODUCT_BUNDLE_IDENTIFIER = com.CuevaLavezzoYasmin.MasFeliz.PedirPizzaP;
				PRODUCT_NAME = "$(TARGET_NAME)";
			};
			name = Debug;
		};
		14E7D47D2001C8C800792AE3 /* Release */ = {
			isa = XCBuildConfiguration;
			buildSettings = {
				ASSETCATALOG_COMPILER_APPICON_NAME = AppIcon;
				INFOPLIST_FILE = PedirPizzaP/Info.plist;
				LD_RUNPATH_SEARCH_PATHS = "$(inherited) @executable_path/Frameworks";
				PRODUCT_BUNDLE_IDENTIFIER = com.CuevaLavezzoYasmin.MasFeliz.PedirPizzaP;
				PRODUCT_NAME = "$(TARGET_NAME)";
			};
			name = Release;
		};
/* End XCBuildConfiguration section */

/* Begin XCConfigurationList section */
		14E7D4642001C8C800792AE3 /* Build configuration list for PBXProject "PedirPizzaP" */ = {
			isa = XCConfigurationList;
			buildConfigurations = (
				14E7D4792001C8C800792AE3 /* Debug */,
				14E7D47A2001C8C800792AE3 /* Release */,
			);
			defaultConfigurationIsVisible = 0;
			defaultConfigurationName = Release;
		};
		14E7D47B2001C8C800792AE3 /* Build configuration list for PBXNativeTarget "PedirPizzaP" */ = {
			isa = XCConfigurationList;
			buildConfigurations = (
				14E7D47C2001C8C800792AE3 /* Debug */,
				14E7D47D2001C8C800792AE3 /* Release */,
			);
			defaultConfigurationIsVisible = 0;
		};
/* End XCConfigurationList section */
	};
	rootObject = 14E7D4612001C8C800792AE3 /* Project object */;
}
